// !$*UTF8*$!
{
	archiveVersion = 1;
	classes = {
	};
	objectVersion = 51;
	objects = {

/* Begin PBXBuildFile section */
		A410EA44407B4A79377FBA21 /* Pods_PruebaTecnicaLoro.framework in Frameworks */ = {isa = PBXBuildFile; fileRef = F08C86401E53535B394D4C2A /* Pods_PruebaTecnicaLoro.framework */; };
		D037AA29235FDFE500F044E2 /* ContentViewController.swift in Sources */ = {isa = PBXBuildFile; fileRef = D037AA28235FDFE500F044E2 /* ContentViewController.swift */; };
		D037AA2B235FDFF100F044E2 /* UserViewController.swift in Sources */ = {isa = PBXBuildFile; fileRef = D037AA2A235FDFF100F044E2 /* UserViewController.swift */; };
		D037AA2D235FE3AB00F044E2 /* HomeViewController.swift in Sources */ = {isa = PBXBuildFile; fileRef = D037AA2C235FE3AB00F044E2 /* HomeViewController.swift */; };
		D0DDD687235FD01E0029F954 /* AppDelegate.swift in Sources */ = {isa = PBXBuildFile; fileRef = D0DDD686235FD01E0029F954 /* AppDelegate.swift */; };
		D0DDD689235FD01E0029F954 /* SceneDelegate.swift in Sources */ = {isa = PBXBuildFile; fileRef = D0DDD688235FD01E0029F954 /* SceneDelegate.swift */; };
		D0DDD68B235FD01E0029F954 /* ViewController.swift in Sources */ = {isa = PBXBuildFile; fileRef = D0DDD68A235FD01E0029F954 /* ViewController.swift */; };
		D0DDD68E235FD01E0029F954 /* Main.storyboard in Resources */ = {isa = PBXBuildFile; fileRef = D0DDD68C235FD01E0029F954 /* Main.storyboard */; };
		D0DDD690235FD0210029F954 /* Assets.xcassets in Resources */ = {isa = PBXBuildFile; fileRef = D0DDD68F235FD0210029F954 /* Assets.xcassets */; };
		D0DDD693235FD0210029F954 /* LaunchScreen.storyboard in Resources */ = {isa = PBXBuildFile; fileRef = D0DDD691235FD0210029F954 /* LaunchScreen.storyboard */; };
		D0F840ED2360B81E00370CB3 /* GoogleService-Info.plist in Resources */ = {isa = PBXBuildFile; fileRef = D0F840EC2360B81E00370CB3 /* GoogleService-Info.plist */; };
		D0F840EF2360C17200370CB3 /* CommentViewController.swift in Sources */ = {isa = PBXBuildFile; fileRef = D0F840EE2360C17200370CB3 /* CommentViewController.swift */; };
		D0F840F12360C18000370CB3 /* PostViewController.swift in Sources */ = {isa = PBXBuildFile; fileRef = D0F840F02360C18000370CB3 /* PostViewController.swift */; };
		D0F840F32360D5F200370CB3 /* Constants.swift in Sources */ = {isa = PBXBuildFile; fileRef = D0F840F22360D5F200370CB3 /* Constants.swift */; };
/* End PBXBuildFile section */

/* Begin PBXFileReference section */
		23253820393915AB1DBFCD88 /* Pods-PruebaTecnicaLoro.release.xcconfig */ = {isa = PBXFileReference; includeInIndex = 1; lastKnownFileType = text.xcconfig; name = "Pods-PruebaTecnicaLoro.release.xcconfig"; path = "Target Support Files/Pods-PruebaTecnicaLoro/Pods-PruebaTecnicaLoro.release.xcconfig"; sourceTree = "<group>"; };
		84136046467F7A4D103FA177 /* Pods-PruebaTecnicaLoro.debug.xcconfig */ = {isa = PBXFileReference; includeInIndex = 1; lastKnownFileType = text.xcconfig; name = "Pods-PruebaTecnicaLoro.debug.xcconfig"; path = "Target Support Files/Pods-PruebaTecnicaLoro/Pods-PruebaTecnicaLoro.debug.xcconfig"; sourceTree = "<group>"; };
		D037AA28235FDFE500F044E2 /* ContentViewController.swift */ = {isa = PBXFileReference; lastKnownFileType = sourcecode.swift; path = ContentViewController.swift; sourceTree = "<group>"; };
		D037AA2A235FDFF100F044E2 /* UserViewController.swift */ = {isa = PBXFileReference; lastKnownFileType = sourcecode.swift; path = UserViewController.swift; sourceTree = "<group>"; };
		D037AA2C235FE3AB00F044E2 /* HomeViewController.swift */ = {isa = PBXFileReference; lastKnownFileType = sourcecode.swift; path = HomeViewController.swift; sourceTree = "<group>"; };
		D0DDD683235FD01E0029F954 /* PruebaTecnicaLoro.app */ = {isa = PBXFileReference; explicitFileType = wrapper.application; includeInIndex = 0; path = PruebaTecnicaLoro.app; sourceTree = BUILT_PRODUCTS_DIR; };
		D0DDD686235FD01E0029F954 /* AppDelegate.swift */ = {isa = PBXFileReference; lastKnownFileType = sourcecode.swift; path = AppDelegate.swift; sourceTree = "<group>"; };
		D0DDD688235FD01E0029F954 /* SceneDelegate.swift */ = {isa = PBXFileReference; lastKnownFileType = sourcecode.swift; path = SceneDelegate.swift; sourceTree = "<group>"; };
		D0DDD68A235FD01E0029F954 /* ViewController.swift */ = {isa = PBXFileReference; lastKnownFileType = sourcecode.swift; path = ViewController.swift; sourceTree = "<group>"; };
		D0DDD68D235FD01E0029F954 /* Base */ = {isa = PBXFileReference; lastKnownFileType = file.storyboard; name = Base; path = Base.lproj/Main.storyboard; sourceTree = "<group>"; };
		D0DDD68F235FD0210029F954 /* Assets.xcassets */ = {isa = PBXFileReference; lastKnownFileType = folder.assetcatalog; path = Assets.xcassets; sourceTree = "<group>"; };
		D0DDD692235FD0210029F954 /* Base */ = {isa = PBXFileReference; lastKnownFileType = file.storyboard; name = Base; path = Base.lproj/LaunchScreen.storyboard; sourceTree = "<group>"; };
		D0DDD694235FD0210029F954 /* Info.plist */ = {isa = PBXFileReference; lastKnownFileType = text.plist.xml; path = Info.plist; sourceTree = "<group>"; };
		D0F840EC2360B81E00370CB3 /* GoogleService-Info.plist */ = {isa = PBXFileReference; fileEncoding = 4; lastKnownFileType = text.plist.xml; path = "GoogleService-Info.plist"; sourceTree = "<group>"; };
		D0F840EE2360C17200370CB3 /* CommentViewController.swift */ = {isa = PBXFileReference; lastKnownFileType = sourcecode.swift; path = CommentViewController.swift; sourceTree = "<group>"; };
		D0F840F02360C18000370CB3 /* PostViewController.swift */ = {isa = PBXFileReference; lastKnownFileType = sourcecode.swift; path = PostViewController.swift; sourceTree = "<group>"; };
		D0F840F22360D5F200370CB3 /* Constants.swift */ = {isa = PBXFileReference; lastKnownFileType = sourcecode.swift; path = Constants.swift; sourceTree = "<group>"; };
		F08C86401E53535B394D4C2A /* Pods_PruebaTecnicaLoro.framework */ = {isa = PBXFileReference; explicitFileType = wrapper.framework; includeInIndex = 0; path = Pods_PruebaTecnicaLoro.framework; sourceTree = BUILT_PRODUCTS_DIR; };
/* End PBXFileReference section */

/* Begin PBXFrameworksBuildPhase section */
		D0DDD680235FD01E0029F954 /* Frameworks */ = {
			isa = PBXFrameworksBuildPhase;
			buildActionMask = 2147483647;
			files = (
				A410EA44407B4A79377FBA21 /* Pods_PruebaTecnicaLoro.framework in Frameworks */,
			);
			runOnlyForDeploymentPostprocessing = 0;
		};
/* End PBXFrameworksBuildPhase section */

/* Begin PBXGroup section */
		0EACE69977B824738190BC9A /* Pods */ = {
			isa = PBXGroup;
			children = (
				84136046467F7A4D103FA177 /* Pods-PruebaTecnicaLoro.debug.xcconfig */,
				23253820393915AB1DBFCD88 /* Pods-PruebaTecnicaLoro.release.xcconfig */,
			);
			path = Pods;
			sourceTree = "<group>";
		};
		D037AA27235FDFB600F044E2 /* View Controllers */ = {
			isa = PBXGroup;
			children = (
				D0DDD68A235FD01E0029F954 /* ViewController.swift */,
				D037AA28235FDFE500F044E2 /* ContentViewController.swift */,
				D037AA2A235FDFF100F044E2 /* UserViewController.swift */,
				D037AA2C235FE3AB00F044E2 /* HomeViewController.swift */,
				D0F840EE2360C17200370CB3 /* CommentViewController.swift */,
				D0F840F02360C18000370CB3 /* PostViewController.swift */,
			);
			path = "View Controllers";
			sourceTree = "<group>";
		};
		D0DDD67A235FD01E0029F954 = {
			isa = PBXGroup;
			children = (
				D0DDD685235FD01E0029F954 /* PruebaTecnicaLoro */,
				D0DDD684235FD01E0029F954 /* Products */,
				0EACE69977B824738190BC9A /* Pods */,
				E5D4661A5A41AEBA7B322C2B /* Frameworks */,
			);
			sourceTree = "<group>";
		};
		D0DDD684235FD01E0029F954 /* Products */ = {
			isa = PBXGroup;
			children = (
				D0DDD683235FD01E0029F954 /* PruebaTecnicaLoro.app */,
			);
			name = Products;
			sourceTree = "<group>";
		};
		D0DDD685235FD01E0029F954 /* PruebaTecnicaLoro */ = {
			isa = PBXGroup;
			children = (
				D037AA27235FDFB600F044E2 /* View Controllers */,
				D0DDD686235FD01E0029F954 /* AppDelegate.swift */,
				D0F840F22360D5F200370CB3 /* Constants.swift */,
				D0DDD688235FD01E0029F954 /* SceneDelegate.swift */,
				D0DDD68C235FD01E0029F954 /* Main.storyboard */,
				D0DDD68F235FD0210029F954 /* Assets.xcassets */,
				D0DDD691235FD0210029F954 /* LaunchScreen.storyboard */,
				D0DDD694235FD0210029F954 /* Info.plist */,
				D0F840EC2360B81E00370CB3 /* GoogleService-Info.plist */,
			);
			path = PruebaTecnicaLoro;
			sourceTree = "<group>";
		};
		E5D4661A5A41AEBA7B322C2B /* Frameworks */ = {
			isa = PBXGroup;
			children = (
				F08C86401E53535B394D4C2A /* Pods_PruebaTecnicaLoro.framework */,
			);
			name = Frameworks;
			sourceTree = "<group>";
		};
/* End PBXGroup section */

/* Begin PBXNativeTarget section */
		D0DDD682235FD01E0029F954 /* PruebaTecnicaLoro */ = {
			isa = PBXNativeTarget;
			buildConfigurationList = D0DDD697235FD0210029F954 /* Build configuration list for PBXNativeTarget "PruebaTecnicaLoro" */;
			buildPhases = (
				ED17B8617430F69D02600AB5 /* [CP] Check Pods Manifest.lock */,
				D0DDD67F235FD01E0029F954 /* Sources */,
				D0DDD680235FD01E0029F954 /* Frameworks */,
				D0DDD681235FD01E0029F954 /* Resources */,
				355DE5A4A44EB641235F0F8E /* [CP] Embed Pods Frameworks */,
			);
			buildRules = (
			);
			dependencies = (
			);
			name = PruebaTecnicaLoro;
			productName = PruebaTecnicaLoro;
			productReference = D0DDD683235FD01E0029F954 /* PruebaTecnicaLoro.app */;
			productType = "com.apple.product-type.application";
		};
/* End PBXNativeTarget section */

/* Begin PBXProject section */
		D0DDD67B235FD01E0029F954 /* Project object */ = {
			isa = PBXProject;
			attributes = {
				LastSwiftUpdateCheck = 1110;
				LastUpgradeCheck = 1110;
				ORGANIZATIONNAME = "Carlos Mendieta";
				TargetAttributes = {
					D0DDD682235FD01E0029F954 = {
						CreatedOnToolsVersion = 11.1;
					};
				};
			};
			buildConfigurationList = D0DDD67E235FD01E0029F954 /* Build configuration list for PBXProject "PruebaTecnicaLoro" */;
			compatibilityVersion = "Xcode 9.3";
			developmentRegion = en;
			hasScannedForEncodings = 0;
			knownRegions = (
				en,
				Base,
			);
			mainGroup = D0DDD67A235FD01E0029F954;
			productRefGroup = D0DDD684235FD01E0029F954 /* Products */;
			projectDirPath = "";
			projectRoot = "";
			targets = (
				D0DDD682235FD01E0029F954 /* PruebaTecnicaLoro */,
			);
		};
/* End PBXProject section */

/* Begin PBXResourcesBuildPhase section */
		D0DDD681235FD01E0029F954 /* Resources */ = {
			isa = PBXResourcesBuildPhase;
			buildActionMask = 2147483647;
			files = (
				D0DDD693235FD0210029F954 /* LaunchScreen.storyboard in Resources */,
				D0F840ED2360B81E00370CB3 /* GoogleService-Info.plist in Resources */,
				D0DDD690235FD0210029F954 /* Assets.xcassets in Resources */,
				D0DDD68E235FD01E0029F954 /* Main.storyboard in Resources */,
			);
			runOnlyForDeploymentPostprocessing = 0;
		};
/* End PBXResourcesBuildPhase section */

/* Begin PBXShellScriptBuildPhase section */
		355DE5A4A44EB641235F0F8E /* [CP] Embed Pods Frameworks */ = {
			isa = PBXShellScriptBuildPhase;
			buildActionMask = 2147483647;
			files = (
			);
			inputFileListPaths = (
				"${PODS_ROOT}/Target Support Files/Pods-PruebaTecnicaLoro/Pods-PruebaTecnicaLoro-frameworks-${CONFIGURATION}-input-files.xcfilelist",
			);
			name = "[CP] Embed Pods Frameworks";
			outputFileListPaths = (
				"${PODS_ROOT}/Target Support Files/Pods-PruebaTecnicaLoro/Pods-PruebaTecnicaLoro-frameworks-${CONFIGURATION}-output-files.xcfilelist",
			);
			runOnlyForDeploymentPostprocessing = 0;
			shellPath = /bin/sh;
			shellScript = "\"${PODS_ROOT}/Target Support Files/Pods-PruebaTecnicaLoro/Pods-PruebaTecnicaLoro-frameworks.sh\"\n";
			showEnvVarsInLog = 0;
		};
		ED17B8617430F69D02600AB5 /* [CP] Check Pods Manifest.lock */ = {
			isa = PBXShellScriptBuildPhase;
			buildActionMask = 2147483647;
			files = (
			);
			inputFileListPaths = (
			);
			inputPaths = (
				"${PODS_PODFILE_DIR_PATH}/Podfile.lock",
				"${PODS_ROOT}/Manifest.lock",
			);
			name = "[CP] Check Pods Manifest.lock";
			outputFileListPaths = (
			);
			outputPaths = (
				"$(DERIVED_FILE_DIR)/Pods-PruebaTecnicaLoro-checkManifestLockResult.txt",
			);
			runOnlyForDeploymentPostprocessing = 0;
			shellPath = /bin/sh;
			shellScript = "diff \"${PODS_PODFILE_DIR_PATH}/Podfile.lock\" \"${PODS_ROOT}/Manifest.lock\" > /dev/null\nif [ $? != 0 ] ; then\n    # print error to STDERR\n    echo \"error: The sandbox is not in sync with the Podfile.lock. Run 'pod install' or update your CocoaPods installation.\" >&2\n    exit 1\nfi\n# This output is used by Xcode 'outputs' to avoid re-running this script phase.\necho \"SUCCESS\" > \"${SCRIPT_OUTPUT_FILE_0}\"\n";
			showEnvVarsInLog = 0;
		};
/* End PBXShellScriptBuildPhase section */

/* Begin PBXSourcesBuildPhase section */
		D0DDD67F235FD01E0029F954 /* Sources */ = {
			isa = PBXSourcesBuildPhase;
			buildActionMask = 2147483647;
			files = (
				D0F840F12360C18000370CB3 /* PostViewController.swift in Sources */,
				D0F840EF2360C17200370CB3 /* CommentViewController.swift in Sources */,
				D037AA29235FDFE500F044E2 /* ContentViewController.swift in Sources */,
				D037AA2B235FDFF100F044E2 /* UserViewController.swift in Sources */,
				D0DDD68B235FD01E0029F954 /* ViewController.swift in Sources */,
				D0DDD687235FD01E0029F954 /* AppDelegate.swift in Sources */,
				D0DDD689235FD01E0029F954 /* SceneDelegate.swift in Sources */,
				D037AA2D235FE3AB00F044E2 /* HomeViewController.swift in Sources */,
				D0F840F32360D5F200370CB3 /* Constants.swift in Sources */,
			);
			runOnlyForDeploymentPostprocessing = 0;
		};
/* End PBXSourcesBuildPhase section */

/* Begin PBXVariantGroup section */
		D0DDD68C235FD01E0029F954 /* Main.storyboard */ = {
			isa = PBXVariantGroup;
			children = (
				D0DDD68D235FD01E0029F954 /* Base */,
			);
			name = Main.storyboard;
			sourceTree = "<group>";
		};
		D0DDD691235FD0210029F954 /* LaunchScreen.storyboard */ = {
			isa = PBXVariantGroup;
			children = (
				D0DDD692235FD0210029F954 /* Base */,
			);
			name = LaunchScreen.storyboard;
			sourceTree = "<group>";
		};
/* End PBXVariantGroup section */

/* Begin XCBuildConfiguration section */
		D0DDD695235FD0210029F954 /* Debug */ = {
			isa = XCBuildConfiguration;
			buildSettings = {
				ALWAYS_SEARCH_USER_PATHS = NO;
				CLANG_ANALYZER_NONNULL = YES;
				CLANG_ANALYZER_NUMBER_OBJECT_CONVERSION = YES_AGGRESSIVE;
				CLANG_CXX_LANGUAGE_STANDARD = "gnu++14";
				CLANG_CXX_LIBRARY = "libc++";
				CLANG_ENABLE_MODULES = YES;
				CLANG_ENABLE_OBJC_ARC = YES;
				CLANG_ENABLE_OBJC_WEAK = YES;
				CLANG_WARN_BLOCK_CAPTURE_AUTORELEASING = YES;
				CLANG_WARN_BOOL_CONVERSION = YES;
				CLANG_WARN_COMMA = YES;
				CLANG_WARN_CONSTANT_CONVERSION = YES;
				CLANG_WARN_DEPRECATED_OBJC_IMPLEMENTATIONS = YES;
				CLANG_WARN_DIRECT_OBJC_ISA_USAGE = YES_ERROR;
				CLANG_WARN_DOCUMENTATION_COMMENTS = YES;
				CLANG_WARN_EMPTY_BODY = YES;
				CLANG_WARN_ENUM_CONVERSION = YES;
				CLANG_WARN_INFINITE_RECURSION = YES;
				CLANG_WARN_INT_CONVERSION = YES;
				CLANG_WARN_NON_LITERAL_NULL_CONVERSION = YES;
				CLANG_WARN_OBJC_IMPLICIT_RETAIN_SELF = YES;
				CLANG_WARN_OBJC_LITERAL_CONVERSION = YES;
				CLANG_WARN_OBJC_ROOT_CLASS = YES_ERROR;
				CLANG_WARN_RANGE_LOOP_ANALYSIS = YES;
				CLANG_WARN_STRICT_PROTOTYPES = YES;
				CLANG_WARN_SUSPICIOUS_MOVE = YES;
				CLANG_WARN_UNGUARDED_AVAILABILITY = YES_AGGRESSIVE;
				CLANG_WARN_UNREACHABLE_CODE = YES;
				CLANG_WARN__DUPLICATE_METHOD_MATCH = YES;
				COPY_PHASE_STRIP = NO;
				DEBUG_INFORMATION_FORMAT = dwarf;
				ENABLE_STRICT_OBJC_MSGSEND = YES;
				ENABLE_TESTABILITY = YES;
				GCC_C_LANGUAGE_STANDARD = gnu11;
				GCC_DYNAMIC_NO_PIC = NO;
				GCC_NO_COMMON_BLOCKS = YES;
				GCC_OPTIMIZATION_LEVEL = 0;
				GCC_PREPROCESSOR_DEFINITIONS = (
					"DEBUG=1",
					"$(inherited)",
				);
				GCC_WARN_64_TO_32_BIT_CONVERSION = YES;
				GCC_WARN_ABOUT_RETURN_TYPE = YES_ERROR;
				GCC_WARN_UNDECLARED_SELECTOR = YES;
				GCC_WARN_UNINITIALIZED_AUTOS = YES_AGGRESSIVE;
				GCC_WARN_UNUSED_FUNCTION = YES;
				GCC_WARN_UNUSED_VARIABLE = YES;
				IPHONEOS_DEPLOYMENT_TARGET = 13.1;
				MTL_ENABLE_DEBUG_INFO = INCLUDE_SOURCE;
				MTL_FAST_MATH = YES;
				ONLY_ACTIVE_ARCH = YES;
				SDKROOT = iphoneos;
				SWIFT_ACTIVE_COMPILATION_CONDITIONS = DEBUG;
				SWIFT_OPTIMIZATION_LEVEL = "-Onone";
			};
			name = Debug;
		};
		D0DDD696235FD0210029F954 /* Release */ = {
			isa = XCBuildConfiguration;
			buildSettings = {
				ALWAYS_SEARCH_USER_PATHS = NO;
				CLANG_ANALYZER_NONNULL = YES;
				CLANG_ANALYZER_NUMBER_OBJECT_CONVERSION = YES_AGGRESSIVE;
				CLANG_CXX_LANGUAGE_STANDARD = "gnu++14";
				CLANG_CXX_LIBRARY = "libc++";
				CLANG_ENABLE_MODULES = YES;
				CLANG_ENABLE_OBJC_ARC = YES;
				CLANG_ENABLE_OBJC_WEAK = YES;
				CLANG_WARN_BLOCK_CAPTURE_AUTORELEASING = YES;
				CLANG_WARN_BOOL_CONVERSION = YES;
				CLANG_WARN_COMMA = YES;
				CLANG_WARN_CONSTANT_CONVERSION = YES;
				CLANG_WARN_DEPRECATED_OBJC_IMPLEMENTATIONS = YES;
				CLANG_WARN_DIRECT_OBJC_ISA_USAGE = YES_ERROR;
				CLANG_WARN_DOCUMENTATION_COMMENTS = YES;
				CLANG_WARN_EMPTY_BODY = YES;
				CLANG_WARN_ENUM_CONVERSION = YES;
				CLANG_WARN_INFINITE_RECURSION = YES;
				CLANG_WARN_INT_CONVERSION = YES;
				CLANG_WARN_NON_LITERAL_NULL_CONVERSION = YES;
				CLANG_WARN_OBJC_IMPLICIT_RETAIN_SELF = YES;
				CLANG_WARN_OBJC_LITERAL_CONVERSION = YES;
				CLANG_WARN_OBJC_ROOT_CLASS = YES_ERROR;
				CLANG_WARN_RANGE_LOOP_ANALYSIS = YES;
				CLANG_WARN_STRICT_PROTOTYPES = YES;
				CLANG_WARN_SUSPICIOUS_MOVE = YES;
				CLANG_WARN_UNGUARDED_AVAILABILITY = YES_AGGRESSIVE;
				CLANG_WARN_UNREACHABLE_CODE = YES;
				CLANG_WARN__DUPLICATE_METHOD_MATCH = YES;
				COPY_PHASE_STRIP = NO;
				DEBUG_INFORMATION_FORMAT = "dwarf-with-dsym";
				ENABLE_NS_ASSERTIONS = NO;
				ENABLE_STRICT_OBJC_MSGSEND = YES;
				GCC_C_LANGUAGE_STANDARD = gnu11;
				GCC_NO_COMMON_BLOCKS = YES;
				GCC_WARN_64_TO_32_BIT_CONVERSION = YES;
				GCC_WARN_ABOUT_RETURN_TYPE = YES_ERROR;
				GCC_WARN_UNDECLARED_SELECTOR = YES;
				GCC_WARN_UNINITIALIZED_AUTOS = YES_AGGRESSIVE;
				GCC_WARN_UNUSED_FUNCTION = YES;
				GCC_WARN_UNUSED_VARIABLE = YES;
				IPHONEOS_DEPLOYMENT_TARGET = 13.1;
				MTL_ENABLE_DEBUG_INFO = NO;
				MTL_FAST_MATH = YES;
				SDKROOT = iphoneos;
				SWIFT_COMPILATION_MODE = wholemodule;
				SWIFT_OPTIMIZATION_LEVEL = "-O";
				VALIDATE_PRODUCT = YES;
			};
			name = Release;
		};
		D0DDD698235FD0210029F954 /* Debug */ = {
			isa = XCBuildConfiguration;
			baseConfigurationReference = 84136046467F7A4D103FA177 /* Pods-PruebaTecnicaLoro.debug.xcconfig */;
			buildSettings = {
				ASSETCATALOG_COMPILER_APPICON_NAME = AppIcon;
				CODE_SIGN_STYLE = Automatic;
				INFOPLIST_FILE = PruebaTecnicaLoro/Info.plist;
				LD_RUNPATH_SEARCH_PATHS = (
					"$(inherited)",
					"@executable_path/Frameworks",
				);
				PRODUCT_BUNDLE_IDENTIFIER = com.carlosMendieta.PruebaTecnicaLoro;
				PRODUCT_NAME = "$(TARGET_NAME)";
				SWIFT_VERSION = 5.0;
				TARGETED_DEVICE_FAMILY = 1;
			};
			name = Debug;
		};
		D0DDD699235FD0210029F954 /* Release */ = {
			isa = XCBuildConfiguration;
			baseConfigurationReference = 23253820393915AB1DBFCD88 /* Pods-PruebaTecnicaLoro.release.xcconfig */;
			buildSettings = {
				ASSETCATALOG_COMPILER_APPICON_NAME = AppIcon;
				CODE_SIGN_STYLE = Automatic;
				INFOPLIST_FILE = PruebaTecnicaLoro/Info.plist;
				LD_RUNPATH_SEARCH_PATHS = (
					"$(inherited)",
					"@executable_path/Frameworks",
				);
				PRODUCT_BUNDLE_IDENTIFIER = com.carlosMendieta.PruebaTecnicaLoro;
				PRODUCT_NAME = "$(TARGET_NAME)";
				SWIFT_VERSION = 5.0;
				TARGETED_DEVICE_FAMILY = 1;
			};
			name = Release;
		};
/* End XCBuildConfiguration section */

/* Begin XCConfigurationList section */
		D0DDD67E235FD01E0029F954 /* Build configuration list for PBXProject "PruebaTecnicaLoro" */ = {
			isa = XCConfigurationList;
			buildConfigurations = (
				D0DDD695235FD0210029F954 /* Debug */,
				D0DDD696235FD0210029F954 /* Release */,
			);
			defaultConfigurationIsVisible = 0;
			defaultConfigurationName = Release;
		};
		D0DDD697235FD0210029F954 /* Build configuration list for PBXNativeTarget "PruebaTecnicaLoro" */ = {
			isa = XCConfigurationList;
			buildConfigurations = (
				D0DDD698235FD0210029F954 /* Debug */,
				D0DDD699235FD0210029F954 /* Release */,
			);
			defaultConfigurationIsVisible = 0;
			defaultConfigurationName = Release;
		};
/* End XCConfigurationList section */
	};
	rootObject = D0DDD67B235FD01E0029F954 /* Project object */;
}
